// !$*UTF8*$!
{
	archiveVersion = 1;
	classes = {
	};
	objectVersion = 50;
	objects = {

/* Begin PBXBuildFile section */
		F70A1CFA239CE56600DFD913 /* main.m in Sources */ = {isa = PBXBuildFile; fileRef = F70A1CF9239CE56600DFD913 /* main.m */; };
		F70A1D05239CF18A00DFD913 /* Builder.m in Sources */ = {isa = PBXBuildFile; fileRef = F70A1D04239CF18A00DFD913 /* Builder.m */; };
		F70A1D09239D015600DFD913 /* Director.m in Sources */ = {isa = PBXBuildFile; fileRef = F70A1D08239D015600DFD913 /* Director.m */; };
		F75608DA239F133D0018875C /* AbsBuilder+changeBuider.m in Sources */ = {isa = PBXBuildFile; fileRef = F75608D9239F133D0018875C /* AbsBuilder+changeBuider.m */; };
/* End PBXBuildFile section */

/* Begin PBXCopyFilesBuildPhase section */
		F70A1CF4239CE56600DFD913 /* CopyFiles */ = {
			isa = PBXCopyFilesBuildPhase;
			buildActionMask = 2147483647;
			dstPath = /usr/share/man/man1/;
			dstSubfolderSpec = 0;
			files = (
			);
			runOnlyForDeploymentPostprocessing = 1;
		};
/* End PBXCopyFilesBuildPhase section */

/* Begin PBXFileReference section */
		F70A1CF6239CE56600DFD913 /* BuilderPattern */ = {isa = PBXFileReference; explicitFileType = "compiled.mach-o.executable"; includeInIndex = 0; path = BuilderPattern; sourceTree = BUILT_PRODUCTS_DIR; };
		F70A1CF9239CE56600DFD913 /* main.m */ = {isa = PBXFileReference; lastKnownFileType = sourcecode.c.objc; path = main.m; sourceTree = "<group>"; };
		F70A1D04239CF18A00DFD913 /* Builder.m */ = {isa = PBXFileReference; lastKnownFileType = sourcecode.c.objc; path = Builder.m; sourceTree = "<group>"; };
		F70A1D06239CF62200DFD913 /* Builder.h */ = {isa = PBXFileReference; lastKnownFileType = sourcecode.c.h; path = Builder.h; sourceTree = "<group>"; };
		F70A1D07239D00BA00DFD913 /* Director.h */ = {isa = PBXFileReference; lastKnownFileType = sourcecode.c.h; path = Director.h; sourceTree = "<group>"; };
		F70A1D08239D015600DFD913 /* Director.m */ = {isa = PBXFileReference; lastKnownFileType = sourcecode.c.objc; path = Director.m; sourceTree = "<group>"; };
		F75608D8239F133D0018875C /* AbsBuilder+changeBuider.h */ = {isa = PBXFileReference; lastKnownFileType = sourcecode.c.h; path = "AbsBuilder+changeBuider.h"; sourceTree = "<group>"; };
		F75608D9239F133D0018875C /* AbsBuilder+changeBuider.m */ = {isa = PBXFileReference; lastKnownFileType = sourcecode.c.objc; path = "AbsBuilder+changeBuider.m"; sourceTree = "<group>"; };
/* End PBXFileReference section */

/* Begin PBXFrameworksBuildPhase section */
		F70A1CF3239CE56600DFD913 /* Frameworks */ = {
			isa = PBXFrameworksBuildPhase;
			buildActionMask = 2147483647;
			files = (
			);
			runOnlyForDeploymentPostprocessing = 0;
		};
/* End PBXFrameworksBuildPhase section */

/* Begin PBXGroup section */
		F70A1CED239CE56600DFD913 = {
			isa = PBXGroup;
			children = (
				F70A1CF8239CE56600DFD913 /* BuilderPattern */,
				F70A1CF7239CE56600DFD913 /* Products */,
			);
			sourceTree = "<group>";
		};
		F70A1CF7239CE56600DFD913 /* Products */ = {
			isa = PBXGroup;
			children = (
				F70A1CF6239CE56600DFD913 /* BuilderPattern */,
			);
			name = Products;
			sourceTree = "<group>";
		};
		F70A1CF8239CE56600DFD913 /* BuilderPattern */ = {
			isa = PBXGroup;
			children = (
				F70A1CF9239CE56600DFD913 /* main.m */,
				F70A1D04239CF18A00DFD913 /* Builder.m */,
				F70A1D06239CF62200DFD913 /* Builder.h */,
				F70A1D07239D00BA00DFD913 /* Director.h */,
				F70A1D08239D015600DFD913 /* Director.m */,
				F75608D8239F133D0018875C /* AbsBuilder+changeBuider.h */,
				F75608D9239F133D0018875C /* AbsBuilder+changeBuider.m */,
			);
			path = BuilderPattern;
			sourceTree = "<group>";
		};
/* End PBXGroup section */

/* Begin PBXNativeTarget section */
		F70A1CF5239CE56600DFD913 /* BuilderPattern */ = {
			isa = PBXNativeTarget;
			buildConfigurationList = F70A1CFD239CE56600DFD913 /* Build configuration list for PBXNativeTarget "BuilderPattern" */;
			buildPhases = (
				F70A1CF2239CE56600DFD913 /* Sources */,
				F70A1CF3239CE56600DFD913 /* Frameworks */,
				F70A1CF4239CE56600DFD913 /* CopyFiles */,
			);
			buildRules = (
			);
			dependencies = (
			);
			name = BuilderPattern;
			productName = BuilderPattern;
			productReference = F70A1CF6239CE56600DFD913 /* BuilderPattern */;
			productType = "com.apple.product-type.tool";
		};
/* End PBXNativeTarget section */

/* Begin PBXProject section */
		F70A1CEE239CE56600DFD913 /* Project object */ = {
			isa = PBXProject;
			attributes = {
				LastUpgradeCheck = 1100;
				ORGANIZATIONNAME = GeekBand;
				TargetAttributes = {
					F70A1CF5239CE56600DFD913 = {
						CreatedOnToolsVersion = 11.0;
					};
				};
			};
			buildConfigurationList = F70A1CF1239CE56600DFD913 /* Build configuration list for PBXProject "BuilderPattern" */;
			compatibilityVersion = "Xcode 9.3";
			developmentRegion = en;
			hasScannedForEncodings = 0;
			knownRegions = (
				en,
				Base,
			);
			mainGroup = F70A1CED239CE56600DFD913;
			productRefGroup = F70A1CF7239CE56600DFD913 /* Products */;
			projectDirPath = "";
			projectRoot = "";
			targets = (
				F70A1CF5239CE56600DFD913 /* BuilderPattern */,
			);
		};
/* End PBXProject section */

/* Begin PBXSourcesBuildPhase section */
		F70A1CF2239CE56600DFD913 /* Sources */ = {
			isa = PBXSourcesBuildPhase;
			buildActionMask = 2147483647;
			files = (
				F70A1CFA239CE56600DFD913 /* main.m in Sources */,
				F75608DA239F133D0018875C /* AbsBuilder+changeBuider.m in Sources */,
				F70A1D09239D015600DFD913 /* Director.m in Sources */,
				F70A1D05239CF18A00DFD913 /* Builder.m in Sources */,
			);
			runOnlyForDeploymentPostprocessing = 0;
		};
/* End PBXSourcesBuildPhase section */

/* Begin XCBuildConfiguration section */
		F70A1CFB239CE56600DFD913 /* Debug */ = {
			isa = XCBuildConfiguration;
			buildSettings = {
				ALWAYS_SEARCH_USER_PATHS = NO;
				CLANG_ANALYZER_NONNULL = YES;
				CLANG_ANALYZER_NUMBER_OBJECT_CONVERSION = YES_AGGRESSIVE;
				CLANG_CXX_LANGUAGE_STANDARD = "gnu++14";
				CLANG_CXX_LIBRARY = "libc++";
				CLANG_ENABLE_MODULES = YES;
				CLANG_ENABLE_OBJC_ARC = YES;
				CLANG_ENABLE_OBJC_WEAK = YES;
				CLANG_WARN_BLOCK_CAPTURE_AUTORELEASING = YES;
				CLANG_WARN_BOOL_CONVERSION = YES;
				CLANG_WARN_COMMA = YES;
				CLANG_WARN_CONSTANT_CONVERSION = YES;
				CLANG_WARN_DEPRECATED_OBJC_IMPLEMENTATIONS = YES;
				CLANG_WARN_DIRECT_OBJC_ISA_USAGE = YES_ERROR;
				CLANG_WARN_DOCUMENTATION_COMMENTS = YES;
				CLANG_WARN_EMPTY_BODY = YES;
				CLANG_WARN_ENUM_CONVERSION = YES;
				CLANG_WARN_INFINITE_RECURSION = YES;
				CLANG_WARN_INT_CONVERSION = YES;
				CLANG_WARN_NON_LITERAL_NULL_CONVERSION = YES;
				CLANG_WARN_OBJC_IMPLICIT_RETAIN_SELF = YES;
				CLANG_WARN_OBJC_LITERAL_CONVERSION = YES;
				CLANG_WARN_OBJC_ROOT_CLASS = YES_ERROR;
				CLANG_WARN_RANGE_LOOP_ANALYSIS = YES;
				CLANG_WARN_STRICT_PROTOTYPES = YES;
				CLANG_WARN_SUSPICIOUS_MOVE = YES;
				CLANG_WARN_UNGUARDED_AVAILABILITY = YES_AGGRESSIVE;
				CLANG_WARN_UNREACHABLE_CODE = YES;
				CLANG_WARN__DUPLICATE_METHOD_MATCH = YES;
				COPY_PHASE_STRIP = NO;
				DEBUG_INFORMATION_FORMAT = dwarf;
				ENABLE_STRICT_OBJC_MSGSEND = YES;
				ENABLE_TESTABILITY = YES;
				GCC_C_LANGUAGE_STANDARD = gnu11;
				GCC_DYNAMIC_NO_PIC = NO;
				GCC_NO_COMMON_BLOCKS = YES;
				GCC_OPTIMIZATION_LEVEL = 0;
				GCC_PREPROCESSOR_DEFINITIONS = (
					"DEBUG=1",
					"$(inherited)",
				);
				GCC_WARN_64_TO_32_BIT_CONVERSION = YES;
				GCC_WARN_ABOUT_RETURN_TYPE = YES_ERROR;
				GCC_WARN_UNDECLARED_SELECTOR = YES;
				GCC_WARN_UNINITIALIZED_AUTOS = YES_AGGRESSIVE;
				GCC_WARN_UNUSED_FUNCTION = YES;
				GCC_WARN_UNUSED_VARIABLE = YES;
				MACOSX_DEPLOYMENT_TARGET = 10.14;
				MTL_ENABLE_DEBUG_INFO = INCLUDE_SOURCE;
				MTL_FAST_MATH = YES;
				ONLY_ACTIVE_ARCH = YES;
				SDKROOT = macosx;
			};
			name = Debug;
		};
		F70A1CFC239CE56600DFD913 /* Release */ = {
			isa = XCBuildConfiguration;
			buildSettings = {
				ALWAYS_SEARCH_USER_PATHS = NO;
				CLANG_ANALYZER_NONNULL = YES;
				CLANG_ANALYZER_NUMBER_OBJECT_CONVERSION = YES_AGGRESSIVE;
				CLANG_CXX_LANGUAGE_STANDARD = "gnu++14";
				CLANG_CXX_LIBRARY = "libc++";
				CLANG_ENABLE_MODULES = YES;
				CLANG_ENABLE_OBJC_ARC = YES;
				CLANG_ENABLE_OBJC_WEAK = YES;
				CLANG_WARN_BLOCK_CAPTURE_AUTORELEASING = YES;
				CLANG_WARN_BOOL_CONVERSION = YES;
				CLANG_WARN_COMMA = YES;
				CLANG_WARN_CONSTANT_CONVERSION = YES;
				CLANG_WARN_DEPRECATED_OBJC_IMPLEMENTATIONS = YES;
				CLANG_WARN_DIRECT_OBJC_ISA_USAGE = YES_ERROR;
				CLANG_WARN_DOCUMENTATION_COMMENTS = YES;
				CLANG_WARN_EMPTY_BODY = YES;
				CLANG_WARN_ENUM_CONVERSION = YES;
				CLANG_WARN_INFINITE_RECURSION = YES;
				CLANG_WARN_INT_CONVERSION = YES;
				CLANG_WARN_NON_LITERAL_NULL_CONVERSION = YES;
				CLANG_WARN_OBJC_IMPLICIT_RETAIN_SELF = YES;
				CLANG_WARN_OBJC_LITERAL_CONVERSION = YES;
				CLANG_WARN_OBJC_ROOT_CLASS = YES_ERROR;
				CLANG_WARN_RANGE_LOOP_ANALYSIS = YES;
				CLANG_WARN_STRICT_PROTOTYPES = YES;
				CLANG_WARN_SUSPICIOUS_MOVE = YES;
				CLANG_WARN_UNGUARDED_AVAILABILITY = YES_AGGRESSIVE;
				CLANG_WARN_UNREACHABLE_CODE = YES;
				CLANG_WARN__DUPLICATE_METHOD_MATCH = YES;
				COPY_PHASE_STRIP = NO;
				DEBUG_INFORMATION_FORMAT = "dwarf-with-dsym";
				ENABLE_NS_ASSERTIONS = NO;
				ENABLE_STRICT_OBJC_MSGSEND = YES;
				GCC_C_LANGUAGE_STANDARD = gnu11;
				GCC_NO_COMMON_BLOCKS = YES;
				GCC_WARN_64_TO_32_BIT_CONVERSION = YES;
				GCC_WARN_ABOUT_RETURN_TYPE = YES_ERROR;
				GCC_WARN_UNDECLARED_SELECTOR = YES;
				GCC_WARN_UNINITIALIZED_AUTOS = YES_AGGRESSIVE;
				GCC_WARN_UNUSED_FUNCTION = YES;
				GCC_WARN_UNUSED_VARIABLE = YES;
				MACOSX_DEPLOYMENT_TARGET = 10.14;
				MTL_ENABLE_DEBUG_INFO = NO;
				MTL_FAST_MATH = YES;
				SDKROOT = macosx;
			};
			name = Release;
		};
		F70A1CFE239CE56600DFD913 /* Debug */ = {
			isa = XCBuildConfiguration;
			buildSettings = {
				CODE_SIGN_STYLE = Automatic;
				PRODUCT_NAME = "$(TARGET_NAME)";
			};
			name = Debug;
		};
		F70A1CFF239CE56600DFD913 /* Release */ = {
			isa = XCBuildConfiguration;
			buildSettings = {
				CODE_SIGN_STYLE = Automatic;
				PRODUCT_NAME = "$(TARGET_NAME)";
			};
			name = Release;
		};
/* End XCBuildConfiguration section */

/* Begin XCConfigurationList section */
		F70A1CF1239CE56600DFD913 /* Build configuration list for PBXProject "BuilderPattern" */ = {
			isa = XCConfigurationList;
			buildConfigurations = (
				F70A1CFB239CE56600DFD913 /* Debug */,
				F70A1CFC239CE56600DFD913 /* Release */,
			);
			defaultConfigurationIsVisible = 0;
			defaultConfigurationName = Release;
		};
		F70A1CFD239CE56600DFD913 /* Build configuration list for PBXNativeTarget "BuilderPattern" */ = {
			isa = XCConfigurationList;
			buildConfigurations = (
				F70A1CFE239CE56600DFD913 /* Debug */,
				F70A1CFF239CE56600DFD913 /* Release */,
			);
			defaultConfigurationIsVisible = 0;
			defaultConfigurationName = Release;
		};
/* End XCConfigurationList section */
	};
	rootObject = F70A1CEE239CE56600DFD913 /* Project object */;
}
